github.com/aarie33/go-module-hello v1.0.0 h1:favtoekxRJZnavYot4jTSEgIQcxYl4jVKv5AZMohJYg=
github.com/aarie33/go-module-hello v1.0.0/go.mod h1:/kOchewgYFGu6HizFIvR8OBMFcgkfWKZnyjASEdrB5s=
github.com/aarie33/go-module-hello v1.0.1 h1:FmIWH+3sGd8l8sE3wOYh7HvEJ4YoAb/jFZ4Lb6ZecYE=
github.com/aarie33/go-module-hello v1.0.1/go.mod h1:/kOchewgYFGu6HizFIvR8OBMFcgkfWKZnyjASEdrB5s=
github.com/aarie33/go-module-hello v1.0.2 h1:0SPA9rygCs86XbOxdw5vrVIwFsiVpFClI5N9ZSCDdxE=
github.com/aarie33/go-module-hello v1.0.2/go.mod h1:/kOchewgYFGu6HizFIvR8OBMFcgkfWKZnyjASEdrB5s=
github.com/aarie33/go-module-hello/v2 v2.0.0 h1:yfyvjyI126cHdfPMhSsj1ywmudYDDVUB3U6MiNLzVRM=
github.com/aarie33/go-module-hello/v2 v2.0.0/go.mod h1:1xTVEs6NqnzOMEevBX/k/5+VN6xh3MxEv2apTWxaVL8=
